
Microsoft Visual Studio Solution File, Format Version 12.00
# Visual Studio Version 17
VisualStudioVersion = 17.1.32319.34
MinimumVisualStudioVersion = 10.0.40219.1
Project("{9A19103F-16F7-4668-BE54-9A1E7A4F7556}") = "SmallNetCore.UI", "SmallNetCore.UI\SmallNetCore.UI.csproj", "{C3D53E9C-7BB6-4CFB-AFB4-C7CF11F9AD2D}"
EndProject
Project("{9A19103F-16F7-4668-BE54-9A1E7A4F7556}") = "SmallNetCore.Models", "SmallNetCore.Models\SmallNetCore.Models.csproj", "{38535FAE-934E-455F-ABE0-F94FC8A6F3BA}"
EndProject
Project("{FAE04EC0-301F-11D3-BF4B-00C04F79EFBC}") = "SmallNetCore.Services", "SmallNetCore.Services\SmallNetCore.Services.csproj", "{5A7FF2D5-D057-4A3E-92BA-EC64DC62A978}"
EndProject
Project("{FAE04EC0-301F-11D3-BF4B-00C04F79EFBC}") = "SmallNetCore.IServices", "SmallNetCore.IServices\SmallNetCore.IServices.csproj", "{D9BEACDF-6106-4EDF-8FDC-C0EB417FE324}"
EndProject
Project("{FAE04EC0-301F-11D3-BF4B-00C04F79EFBC}") = "SmallNetCore.Repository", "SmallNetCore.Repository\SmallNetCore.Repository.csproj", "{4185989C-25DF-48E0-8450-B741F9A90BE7}"
EndProject
Project("{FAE04EC0-301F-11D3-BF4B-00C04F79EFBC}") = "SmallNetCore.Common", "SmallNetCore.Common\SmallNetCore.Common.csproj", "{038C95B5-D405-49FA-9DEA-E0C7689CFA4D}"
EndProject
Project("{FAE04EC0-301F-11D3-BF4B-00C04F79EFBC}") = "SmallNetCore.Remotes", "SmallNetCore.Remotes\SmallNetCore.Remotes.csproj", "{67B72EE6-1035-4D09-9255-7324A482AE5A}"
EndProject
Project("{FAE04EC0-301F-11D3-BF4B-00C04F79EFBC}") = "SmallNetCore.Extensions", "SmallNetCore.Extensions\SmallNetCore.Extensions.csproj", "{A422DDEC-C3B7-4EBF-A881-CF0860E2F023}"
EndProject
Global
	GlobalSection(SolutionConfigurationPlatforms) = preSolution
		Debug|Any CPU = Debug|Any CPU
		Release|Any CPU = Release|Any CPU
	EndGlobalSection
	GlobalSection(ProjectConfigurationPlatforms) = postSolution
		{C3D53E9C-7BB6-4CFB-AFB4-C7CF11F9AD2D}.Debug|Any CPU.ActiveCfg = Debug|Any CPU
		{C3D53E9C-7BB6-4CFB-AFB4-C7CF11F9AD2D}.Debug|Any CPU.Build.0 = Debug|Any CPU
		{C3D53E9C-7BB6-4CFB-AFB4-C7CF11F9AD2D}.Release|Any CPU.ActiveCfg = Release|Any CPU
		{C3D53E9C-7BB6-4CFB-AFB4-C7CF11F9AD2D}.Release|Any CPU.Build.0 = Release|Any CPU
		{38535FAE-934E-455F-ABE0-F94FC8A6F3BA}.Debug|Any CPU.ActiveCfg = Debug|Any CPU
		{38535FAE-934E-455F-ABE0-F94FC8A6F3BA}.Debug|Any CPU.Build.0 = Debug|Any CPU
		{38535FAE-934E-455F-ABE0-F94FC8A6F3BA}.Release|Any CPU.ActiveCfg = Release|Any CPU
		{38535FAE-934E-455F-ABE0-F94FC8A6F3BA}.Release|Any CPU.Build.0 = Release|Any CPU
		{5A7FF2D5-D057-4A3E-92BA-EC64DC62A978}.Debug|Any CPU.ActiveCfg = Debug|Any CPU
		{5A7FF2D5-D057-4A3E-92BA-EC64DC62A978}.Debug|Any CPU.Build.0 = Debug|Any CPU
		{5A7FF2D5-D057-4A3E-92BA-EC64DC62A978}.Release|Any CPU.ActiveCfg = Release|Any CPU
		{5A7FF2D5-D057-4A3E-92BA-EC64DC62A978}.Release|Any CPU.Build.0 = Release|Any CPU
		{D9BEACDF-6106-4EDF-8FDC-C0EB417FE324}.Debug|Any CPU.ActiveCfg = Debug|Any CPU
		{D9BEACDF-6106-4EDF-8FDC-C0EB417FE324}.Debug|Any CPU.Build.0 = Debug|Any CPU
		{D9BEACDF-6106-4EDF-8FDC-C0EB417FE324}.Release|Any CPU.ActiveCfg = Release|Any CPU
		{D9BEACDF-6106-4EDF-8FDC-C0EB417FE324}.Release|Any CPU.Build.0 = Release|Any CPU
		{4185989C-25DF-48E0-8450-B741F9A90BE7}.Debug|Any CPU.ActiveCfg = Debug|Any CPU
		{4185989C-25DF-48E0-8450-B741F9A90BE7}.Debug|Any CPU.Build.0 = Debug|Any CPU
		{4185989C-25DF-48E0-8450-B741F9A90BE7}.Release|Any CPU.ActiveCfg = Release|Any CPU
		{4185989C-25DF-48E0-8450-B741F9A90BE7}.Release|Any CPU.Build.0 = Release|Any CPU
		{038C95B5-D405-49FA-9DEA-E0C7689CFA4D}.Debug|Any CPU.ActiveCfg = Debug|Any CPU
		{038C95B5-D405-49FA-9DEA-E0C7689CFA4D}.Debug|Any CPU.Build.0 = Debug|Any CPU
		{038C95B5-D405-49FA-9DEA-E0C7689CFA4D}.Release|Any CPU.ActiveCfg = Release|Any CPU
		{038C95B5-D405-49FA-9DEA-E0C7689CFA4D}.Release|Any CPU.Build.0 = Release|Any CPU
		{67B72EE6-1035-4D09-9255-7324A482AE5A}.Debug|Any CPU.ActiveCfg = Debug|Any CPU
		{67B72EE6-1035-4D09-9255-7324A482AE5A}.Debug|Any CPU.Build.0 = Debug|Any CPU
		{67B72EE6-1035-4D09-9255-7324A482AE5A}.Release|Any CPU.ActiveCfg = Release|Any CPU
		{67B72EE6-1035-4D09-9255-7324A482AE5A}.Release|Any CPU.Build.0 = Release|Any CPU
		{A422DDEC-C3B7-4EBF-A881-CF0860E2F023}.Debug|Any CPU.ActiveCfg = Debug|Any CPU
		{A422DDEC-C3B7-4EBF-A881-CF0860E2F023}.Debug|Any CPU.Build.0 = Debug|Any CPU
		{A422DDEC-C3B7-4EBF-A881-CF0860E2F023}.Release|Any CPU.ActiveCfg = Release|Any CPU
		{A422DDEC-C3B7-4EBF-A881-CF0860E2F023}.Release|Any CPU.Build.0 = Release|Any CPU
	EndGlobalSection
	GlobalSection(SolutionProperties) = preSolution
		HideSolutionNode = FALSE
	EndGlobalSection
	GlobalSection(ExtensibilityGlobals) = postSolution
		SolutionGuid = {A9EC590C-C973-4BFC-BA56-217A3BE7D64E}
	EndGlobalSection
EndGlobal
